# This file is generated by running "yarn install" inside your project.
# Manual changes might be lost - proceed with caution!

__metadata:
  version: 8
  cacheKey: 10c0

"corepack@npm:^0.24.1":
  version: 0.24.1
  resolution: "corepack@npm:0.24.1"
  bin:
    corepack: ./dist/corepack.js
    pnpm: ./dist/pnpm.js
    pnpx: ./dist/pnpx.js
    yarn: ./dist/yarn.js
    yarnpkg: ./dist/yarnpkg.js
  checksum: 0106701bd5f339857b7abd848e59e78847ae8969b896f7638734cde917beba3c10cf4e01ca5e9754ca430fba946af64073c1180fbd2022ca607e170c0c0e096f
  languageName: node
  linkType: hard

"frontend@workspace:.":
  version: 0.0.0-use.local
  resolution: "frontend@workspace:."
  dependencies:
    corepack: "npm:^0.24.1"
    tsc: "npm:^2.0.4"
    typescript: "npm:^5.3.3"
  languageName: unknown
  linkType: soft

"tsc@npm:^2.0.4":
  version: 2.0.4
  resolution: "tsc@npm:2.0.4"
  bin:
    tsc: bin/tsc
  checksum: 4651d344891d995e62ab7ca64ce0a8597bbdc2d392886c9956d15caab4dc9bfe86e759d3385b3f97c49fb5294194a161d6812673e3f51e46357c82482f32c3ab
  languageName: node
  linkType: hard

"typescript@npm:^5.3.3":
  version: 5.3.3
  resolution: "typescript@npm:5.3.3"
  bin:
    tsc: bin/tsc
    tsserver: bin/tsserver
  checksum: e33cef99d82573624fc0f854a2980322714986bc35b9cb4d1ce736ed182aeab78e2cb32b385efa493b2a976ef52c53e20d6c6918312353a91850e2b76f1ea44f
  languageName: node
  linkType: hard

"typescript@patch:typescript@npm%3A^5.3.3#optional!builtin<compat/typescript>":
  version: 5.3.3
  resolution: "typescript@patch:typescript@npm%3A5.3.3#optional!builtin<compat/typescript>::version=5.3.3&hash=e012d7"
  bin:
    tsc: bin/tsc
    tsserver: bin/tsserver
  checksum: 1d0a5f4ce496c42caa9a30e659c467c5686eae15d54b027ee7866744952547f1be1262f2d40de911618c242b510029d51d43ff605dba8fb740ec85ca2d3f9500
  languageName: node
  linkType: hard
